
Microsoft Visual Studio Solution File, Format Version 12.00
# Visual Studio Version 17
VisualStudioVersion = 17.8.34330.188
MinimumVisualStudioVersion = 10.0.40219.1
Project("{FAE04EC0-301F-11D3-BF4B-00C04F79EFBC}") = "MT6 Nubmaster", "WindowsFormsApp1\MT6 Nubmaster.csproj", "{8F55CFB5-602F-4350-BA28-3A97022E50B9}"
EndProject
Global
	GlobalSection(SolutionConfigurationPlatforms) = preSolution
		Debug|Any CPU = Debug|Any CPU
		Release|Any CPU = Release|Any CPU
	EndGlobalSection
	GlobalSection(ProjectConfigurationPlatforms) = postSolution
		{8F55CFB5-602F-4350-BA28-3A97022E50B9}.Debug|Any CPU.ActiveCfg = Debug|Any CPU
		{8F55CFB5-602F-4350-BA28-3A97022E50B9}.Debug|Any CPU.Build.0 = Debug|Any CPU
		{8F55CFB5-602F-4350-BA28-3A97022E50B9}.Release|Any CPU.ActiveCfg = Release|Any CPU
		{8F55CFB5-602F-4350-BA28-3A97022E50B9}.Release|Any CPU.Build.0 = Release|Any CPU
	EndGlobalSection
	GlobalSection(SolutionProperties) = preSolution
		HideSolutionNode = FALSE
	EndGlobalSection
	GlobalSection(ExtensibilityGlobals) = postSolution
		SolutionGuid = {A7CA9F43-B66B-435B-AAB1-D5E598D3637D}
	EndGlobalSection
EndGlobal
